
Microsoft Visual Studio Solution File, Format Version 12.00
# Visual Studio Version 16
VisualStudioVersion = 16.0.30105.148
MinimumVisualStudioVersion = 10.0.40219.1
Project("{9A19103F-16F7-4668-BE54-9A1E7A4F7556}") = "RPR4U.RPRUnityEditor", "RPR4U.RPRUnityEditor\RPR4U.RPRUnityEditor.csproj", "{CF0BDAAE-0567-4014-BB3B-F697D3FED08C}"
EndProject
Project("{2150E333-8FDC-42A3-9474-1A3956D46DE8}") = "Files", "Files", "{5BD1A72C-46FE-4E6D-AA4F-C5F38E90DD85}"
	ProjectSection(SolutionItems) = preProject
		..\AUTHORS = ..\AUTHORS
		..\README.md = ..\README.md
	EndProjectSection
EndProject
Global
	GlobalSection(SolutionConfigurationPlatforms) = preSolution
		Debug|Any CPU = Debug|Any CPU
		Release|Any CPU = Release|Any CPU
	EndGlobalSection
	GlobalSection(ProjectConfigurationPlatforms) = postSolution
		{CF0BDAAE-0567-4014-BB3B-F697D3FED08C}.Debug|Any CPU.ActiveCfg = Debug|Any CPU
		{CF0BDAAE-0567-4014-BB3B-F697D3FED08C}.Debug|Any CPU.Build.0 = Debug|Any CPU
		{CF0BDAAE-0567-4014-BB3B-F697D3FED08C}.Release|Any CPU.ActiveCfg = Release|Any CPU
		{CF0BDAAE-0567-4014-BB3B-F697D3FED08C}.Release|Any CPU.Build.0 = Release|Any CPU
	EndGlobalSection
	GlobalSection(SolutionProperties) = preSolution
		HideSolutionNode = FALSE
	EndGlobalSection
	GlobalSection(ExtensibilityGlobals) = postSolution
		SolutionGuid = {EB4BFA21-B424-4455-8EDC-4061B50FADF1}
	EndGlobalSection
EndGlobal
